
Microsoft Visual Studio Solution File, Format Version 12.00
# Visual Studio 2012
Project("{FAE04EC0-301F-11D3-BF4B-00C04F79EFBC}") = "Library Management", "Library Management\Library Management.csproj", "{EFD68913-2E33-442C-8DAB-A2079FBF2F57}"
EndProject
Global
	GlobalSection(SolutionConfigurationPlatforms) = preSolution
		Debug|Any CPU = Debug|Any CPU
		Release|Any CPU = Release|Any CPU
	EndGlobalSection
	GlobalSection(ProjectConfigurationPlatforms) = postSolution
		{EFD68913-2E33-442C-8DAB-A2079FBF2F57}.Debug|Any CPU.ActiveCfg = Debug|Any CPU
		{EFD68913-2E33-442C-8DAB-A2079FBF2F57}.Debug|Any CPU.Build.0 = Debug|Any CPU
		{EFD68913-2E33-442C-8DAB-A2079FBF2F57}.Release|Any CPU.ActiveCfg = Release|Any CPU
		{EFD68913-2E33-442C-8DAB-A2079FBF2F57}.Release|Any CPU.Build.0 = Release|Any CPU
	EndGlobalSection
	GlobalSection(SolutionProperties) = preSolution
		HideSolutionNode = FALSE
	EndGlobalSection
EndGlobal
